
Microsoft Visual Studio Solution File, Format Version 12.00
# Visual Studio 15
VisualStudioVersion = 15.0.26124.0
MinimumVisualStudioVersion = 15.0.26124.0
Project("{2150E333-8FDC-42A3-9474-1A3956D46DE8}") = "src", "src", "{0FF25712-4D64-4381-9F67-3A63B1A5CFD4}"
EndProject
Project("{FAE04EC0-301F-11D3-BF4B-00C04F79EFBC}") = "MockHttp", "src\MockHttp\MockHttp.csproj", "{C6372AF3-1787-4EE8-81D3-96C86AD9B9A2}"
EndProject
Project("{2150E333-8FDC-42A3-9474-1A3956D46DE8}") = "tests", "tests", "{0353C3F4-A9CA-4A2B-9DFE-DDBBCA3B863C}"
EndProject
Project("{FAE04EC0-301F-11D3-BF4B-00C04F79EFBC}") = "Tests.MockHttp", "tests\Tests.MockHttp\Tests.MockHttp.csproj", "{1FCA3A3E-8C43-495F-8CE3-5672E5D3D047}"
EndProject
Global
	GlobalSection(SolutionConfigurationPlatforms) = preSolution
		Debug|Any CPU = Debug|Any CPU
		Debug|x64 = Debug|x64
		Debug|x86 = Debug|x86
		Release|Any CPU = Release|Any CPU
		Release|x64 = Release|x64
		Release|x86 = Release|x86
	EndGlobalSection
	GlobalSection(SolutionProperties) = preSolution
		HideSolutionNode = FALSE
	EndGlobalSection
	GlobalSection(ProjectConfigurationPlatforms) = postSolution
		{C6372AF3-1787-4EE8-81D3-96C86AD9B9A2}.Debug|Any CPU.ActiveCfg = Debug|Any CPU
		{C6372AF3-1787-4EE8-81D3-96C86AD9B9A2}.Debug|Any CPU.Build.0 = Debug|Any CPU
		{C6372AF3-1787-4EE8-81D3-96C86AD9B9A2}.Debug|x64.ActiveCfg = Debug|Any CPU
		{C6372AF3-1787-4EE8-81D3-96C86AD9B9A2}.Debug|x64.Build.0 = Debug|Any CPU
		{C6372AF3-1787-4EE8-81D3-96C86AD9B9A2}.Debug|x86.ActiveCfg = Debug|Any CPU
		{C6372AF3-1787-4EE8-81D3-96C86AD9B9A2}.Debug|x86.Build.0 = Debug|Any CPU
		{C6372AF3-1787-4EE8-81D3-96C86AD9B9A2}.Release|Any CPU.ActiveCfg = Release|Any CPU
		{C6372AF3-1787-4EE8-81D3-96C86AD9B9A2}.Release|Any CPU.Build.0 = Release|Any CPU
		{C6372AF3-1787-4EE8-81D3-96C86AD9B9A2}.Release|x64.ActiveCfg = Release|Any CPU
		{C6372AF3-1787-4EE8-81D3-96C86AD9B9A2}.Release|x64.Build.0 = Release|Any CPU
		{C6372AF3-1787-4EE8-81D3-96C86AD9B9A2}.Release|x86.ActiveCfg = Release|Any CPU
		{C6372AF3-1787-4EE8-81D3-96C86AD9B9A2}.Release|x86.Build.0 = Release|Any CPU
		{1FCA3A3E-8C43-495F-8CE3-5672E5D3D047}.Debug|Any CPU.ActiveCfg = Debug|Any CPU
		{1FCA3A3E-8C43-495F-8CE3-5672E5D3D047}.Debug|Any CPU.Build.0 = Debug|Any CPU
		{1FCA3A3E-8C43-495F-8CE3-5672E5D3D047}.Debug|x64.ActiveCfg = Debug|Any CPU
		{1FCA3A3E-8C43-495F-8CE3-5672E5D3D047}.Debug|x64.Build.0 = Debug|Any CPU
		{1FCA3A3E-8C43-495F-8CE3-5672E5D3D047}.Debug|x86.ActiveCfg = Debug|Any CPU
		{1FCA3A3E-8C43-495F-8CE3-5672E5D3D047}.Debug|x86.Build.0 = Debug|Any CPU
		{1FCA3A3E-8C43-495F-8CE3-5672E5D3D047}.Release|Any CPU.ActiveCfg = Release|Any CPU
		{1FCA3A3E-8C43-495F-8CE3-5672E5D3D047}.Release|Any CPU.Build.0 = Release|Any CPU
		{1FCA3A3E-8C43-495F-8CE3-5672E5D3D047}.Release|x64.ActiveCfg = Release|Any CPU
		{1FCA3A3E-8C43-495F-8CE3-5672E5D3D047}.Release|x64.Build.0 = Release|Any CPU
		{1FCA3A3E-8C43-495F-8CE3-5672E5D3D047}.Release|x86.ActiveCfg = Release|Any CPU
		{1FCA3A3E-8C43-495F-8CE3-5672E5D3D047}.Release|x86.Build.0 = Release|Any CPU
	EndGlobalSection
	GlobalSection(NestedProjects) = preSolution
		{C6372AF3-1787-4EE8-81D3-96C86AD9B9A2} = {0FF25712-4D64-4381-9F67-3A63B1A5CFD4}
		{1FCA3A3E-8C43-495F-8CE3-5672E5D3D047} = {0353C3F4-A9CA-4A2B-9DFE-DDBBCA3B863C}
	EndGlobalSection
EndGlobal
