
Microsoft Visual Studio Solution File, Format Version 12.00
# Visual Studio Version 16
VisualStudioVersion = 16.6.30114.105
MinimumVisualStudioVersion = 10.0.40219.1
Project("{2150E333-8FDC-42A3-9474-1A3956D46DE8}") = "helpers", "helpers", "{C09E3C79-19D5-4FA3-B857-C0F1DD9AD5F5}"
EndProject
Project("{2150E333-8FDC-42A3-9474-1A3956D46DE8}") = "AspNetCore", "AspNetCore", "{FEAEEA74-CCCB-45CC-ABDD-F5F029921B78}"
EndProject
Project("{FAE04EC0-301F-11D3-BF4B-00C04F79EFBC}") = "TestWebSite", "helpers\AspNetCore\TestWebSite\TestWebSite.csproj", "{92AEABA0-55AF-4F9E-84D7-E877D72E6A54}"
EndProject
Project("{2150E333-8FDC-42A3-9474-1A3956D46DE8}") = "Grpc", "Grpc", "{DF531D7F-8261-41F1-8D08-F81050524EE6}"
EndProject
Project("{FAE04EC0-301F-11D3-BF4B-00C04F79EFBC}") = "TestGrpcClient", "helpers\Grpc\TestGrpcClient\TestGrpcClient.csproj", "{802899CD-FD89-4C57-A4C4-0C4BD97BBDF5}"
EndProject
Project("{FAE04EC0-301F-11D3-BF4B-00C04F79EFBC}") = "TestGrpcService", "helpers\Grpc\TestGrpcService\TestGrpcService.csproj", "{F8D0D503-16E4-4509-A5AE-E259A28F8247}"
EndProject
Project("{2150E333-8FDC-42A3-9474-1A3956D46DE8}") = "src", "src", "{0460A521-3A1A-4C23-BE5B-E33B966BA8A6}"
EndProject
Project("{FAE04EC0-301F-11D3-BF4B-00C04F79EFBC}") = "AspNetCore.WebApplicationFactory", "src\AspNetCore.WebApplicationFactory\AspNetCore.WebApplicationFactory.csproj", "{FDD34D25-AF55-4FF9-BFF6-E8CFB981B229}"
EndProject
Project("{FAE04EC0-301F-11D3-BF4B-00C04F79EFBC}") = "Grpc", "src\Grpc\Grpc.csproj", "{29C9840C-71F2-4879-ABDE-FF34F97CFA36}"
EndProject
Project("{FAE04EC0-301F-11D3-BF4B-00C04F79EFBC}") = "Grpc.Server", "src\Grpc.Server\Grpc.Server.csproj", "{C5C682C5-6165-4CF3-8E32-B2461853C147}"
EndProject
Project("{FAE04EC0-301F-11D3-BF4B-00C04F79EFBC}") = "MockHttp", "src\MockHttp\MockHttp.csproj", "{2A156071-027A-41BE-86E3-9DBE3426E23B}"
EndProject
Project("{2150E333-8FDC-42A3-9474-1A3956D46DE8}") = "tests", "tests", "{360767A6-F98F-4FF7-811E-7A31B27CCCEC}"
EndProject
Project("{FAE04EC0-301F-11D3-BF4B-00C04F79EFBC}") = "Tests.AspNetCore.WebApplicationFactory", "tests\Tests.AspNetCore.WebApplicationFactory\Tests.AspNetCore.WebApplicationFactory.csproj", "{83D6ABD0-F661-4F9E-9E71-528764C40EB4}"
EndProject
Project("{FAE04EC0-301F-11D3-BF4B-00C04F79EFBC}") = "Tests.Grpc", "tests\Tests.Grpc\Tests.Grpc.csproj", "{3C2D4536-7921-471C-B80C-4223FE95403D}"
EndProject
Project("{FAE04EC0-301F-11D3-BF4B-00C04F79EFBC}") = "Tests.Grpc.Integration.Client", "tests\Tests.Grpc.Integration.Client\Tests.Grpc.Integration.Client.csproj", "{C5FE86FE-C7C0-45FF-AE3E-683AD0BEC7BE}"
EndProject
Project("{FAE04EC0-301F-11D3-BF4B-00C04F79EFBC}") = "Tests.Grpc.Integration.Service", "tests\Tests.Grpc.Integration.Service\Tests.Grpc.Integration.Service.csproj", "{9C5264FD-98DD-4576-B2B8-EDA1A2E23580}"
EndProject
Project("{FAE04EC0-301F-11D3-BF4B-00C04F79EFBC}") = "Tests.Grpc.Server", "tests\Tests.Grpc.Server\Tests.Grpc.Server.csproj", "{97F7804D-9A38-4389-8616-C198EFC1730A}"
EndProject
Project("{FAE04EC0-301F-11D3-BF4B-00C04F79EFBC}") = "Tests.MockHttp", "tests\Tests.MockHttp\Tests.MockHttp.csproj", "{CE910F99-ABF6-4302-ACF3-9F48C82244F9}"
EndProject
Global
	GlobalSection(SolutionConfigurationPlatforms) = preSolution
		Debug|Any CPU = Debug|Any CPU
		Debug|x64 = Debug|x64
		Debug|x86 = Debug|x86
		Release|Any CPU = Release|Any CPU
		Release|x64 = Release|x64
		Release|x86 = Release|x86
	EndGlobalSection
	GlobalSection(SolutionProperties) = preSolution
		HideSolutionNode = FALSE
	EndGlobalSection
	GlobalSection(ProjectConfigurationPlatforms) = postSolution
		{92AEABA0-55AF-4F9E-84D7-E877D72E6A54}.Debug|Any CPU.ActiveCfg = Debug|Any CPU
		{92AEABA0-55AF-4F9E-84D7-E877D72E6A54}.Debug|Any CPU.Build.0 = Debug|Any CPU
		{92AEABA0-55AF-4F9E-84D7-E877D72E6A54}.Debug|x64.ActiveCfg = Debug|Any CPU
		{92AEABA0-55AF-4F9E-84D7-E877D72E6A54}.Debug|x64.Build.0 = Debug|Any CPU
		{92AEABA0-55AF-4F9E-84D7-E877D72E6A54}.Debug|x86.ActiveCfg = Debug|Any CPU
		{92AEABA0-55AF-4F9E-84D7-E877D72E6A54}.Debug|x86.Build.0 = Debug|Any CPU
		{92AEABA0-55AF-4F9E-84D7-E877D72E6A54}.Release|Any CPU.ActiveCfg = Release|Any CPU
		{92AEABA0-55AF-4F9E-84D7-E877D72E6A54}.Release|Any CPU.Build.0 = Release|Any CPU
		{92AEABA0-55AF-4F9E-84D7-E877D72E6A54}.Release|x64.ActiveCfg = Release|Any CPU
		{92AEABA0-55AF-4F9E-84D7-E877D72E6A54}.Release|x64.Build.0 = Release|Any CPU
		{92AEABA0-55AF-4F9E-84D7-E877D72E6A54}.Release|x86.ActiveCfg = Release|Any CPU
		{92AEABA0-55AF-4F9E-84D7-E877D72E6A54}.Release|x86.Build.0 = Release|Any CPU
		{802899CD-FD89-4C57-A4C4-0C4BD97BBDF5}.Debug|Any CPU.ActiveCfg = Debug|Any CPU
		{802899CD-FD89-4C57-A4C4-0C4BD97BBDF5}.Debug|Any CPU.Build.0 = Debug|Any CPU
		{802899CD-FD89-4C57-A4C4-0C4BD97BBDF5}.Debug|x64.ActiveCfg = Debug|Any CPU
		{802899CD-FD89-4C57-A4C4-0C4BD97BBDF5}.Debug|x64.Build.0 = Debug|Any CPU
		{802899CD-FD89-4C57-A4C4-0C4BD97BBDF5}.Debug|x86.ActiveCfg = Debug|Any CPU
		{802899CD-FD89-4C57-A4C4-0C4BD97BBDF5}.Debug|x86.Build.0 = Debug|Any CPU
		{802899CD-FD89-4C57-A4C4-0C4BD97BBDF5}.Release|Any CPU.ActiveCfg = Release|Any CPU
		{802899CD-FD89-4C57-A4C4-0C4BD97BBDF5}.Release|Any CPU.Build.0 = Release|Any CPU
		{802899CD-FD89-4C57-A4C4-0C4BD97BBDF5}.Release|x64.ActiveCfg = Release|Any CPU
		{802899CD-FD89-4C57-A4C4-0C4BD97BBDF5}.Release|x64.Build.0 = Release|Any CPU
		{802899CD-FD89-4C57-A4C4-0C4BD97BBDF5}.Release|x86.ActiveCfg = Release|Any CPU
		{802899CD-FD89-4C57-A4C4-0C4BD97BBDF5}.Release|x86.Build.0 = Release|Any CPU
		{F8D0D503-16E4-4509-A5AE-E259A28F8247}.Debug|Any CPU.ActiveCfg = Debug|Any CPU
		{F8D0D503-16E4-4509-A5AE-E259A28F8247}.Debug|Any CPU.Build.0 = Debug|Any CPU
		{F8D0D503-16E4-4509-A5AE-E259A28F8247}.Debug|x64.ActiveCfg = Debug|Any CPU
		{F8D0D503-16E4-4509-A5AE-E259A28F8247}.Debug|x64.Build.0 = Debug|Any CPU
		{F8D0D503-16E4-4509-A5AE-E259A28F8247}.Debug|x86.ActiveCfg = Debug|Any CPU
		{F8D0D503-16E4-4509-A5AE-E259A28F8247}.Debug|x86.Build.0 = Debug|Any CPU
		{F8D0D503-16E4-4509-A5AE-E259A28F8247}.Release|Any CPU.ActiveCfg = Release|Any CPU
		{F8D0D503-16E4-4509-A5AE-E259A28F8247}.Release|Any CPU.Build.0 = Release|Any CPU
		{F8D0D503-16E4-4509-A5AE-E259A28F8247}.Release|x64.ActiveCfg = Release|Any CPU
		{F8D0D503-16E4-4509-A5AE-E259A28F8247}.Release|x64.Build.0 = Release|Any CPU
		{F8D0D503-16E4-4509-A5AE-E259A28F8247}.Release|x86.ActiveCfg = Release|Any CPU
		{F8D0D503-16E4-4509-A5AE-E259A28F8247}.Release|x86.Build.0 = Release|Any CPU
		{FDD34D25-AF55-4FF9-BFF6-E8CFB981B229}.Debug|Any CPU.ActiveCfg = Debug|Any CPU
		{FDD34D25-AF55-4FF9-BFF6-E8CFB981B229}.Debug|Any CPU.Build.0 = Debug|Any CPU
		{FDD34D25-AF55-4FF9-BFF6-E8CFB981B229}.Debug|x64.ActiveCfg = Debug|Any CPU
		{FDD34D25-AF55-4FF9-BFF6-E8CFB981B229}.Debug|x64.Build.0 = Debug|Any CPU
		{FDD34D25-AF55-4FF9-BFF6-E8CFB981B229}.Debug|x86.ActiveCfg = Debug|Any CPU
		{FDD34D25-AF55-4FF9-BFF6-E8CFB981B229}.Debug|x86.Build.0 = Debug|Any CPU
		{FDD34D25-AF55-4FF9-BFF6-E8CFB981B229}.Release|Any CPU.ActiveCfg = Release|Any CPU
		{FDD34D25-AF55-4FF9-BFF6-E8CFB981B229}.Release|Any CPU.Build.0 = Release|Any CPU
		{FDD34D25-AF55-4FF9-BFF6-E8CFB981B229}.Release|x64.ActiveCfg = Release|Any CPU
		{FDD34D25-AF55-4FF9-BFF6-E8CFB981B229}.Release|x64.Build.0 = Release|Any CPU
		{FDD34D25-AF55-4FF9-BFF6-E8CFB981B229}.Release|x86.ActiveCfg = Release|Any CPU
		{FDD34D25-AF55-4FF9-BFF6-E8CFB981B229}.Release|x86.Build.0 = Release|Any CPU
		{29C9840C-71F2-4879-ABDE-FF34F97CFA36}.Debug|Any CPU.ActiveCfg = Debug|Any CPU
		{29C9840C-71F2-4879-ABDE-FF34F97CFA36}.Debug|Any CPU.Build.0 = Debug|Any CPU
		{29C9840C-71F2-4879-ABDE-FF34F97CFA36}.Debug|x64.ActiveCfg = Debug|Any CPU
		{29C9840C-71F2-4879-ABDE-FF34F97CFA36}.Debug|x64.Build.0 = Debug|Any CPU
		{29C9840C-71F2-4879-ABDE-FF34F97CFA36}.Debug|x86.ActiveCfg = Debug|Any CPU
		{29C9840C-71F2-4879-ABDE-FF34F97CFA36}.Debug|x86.Build.0 = Debug|Any CPU
		{29C9840C-71F2-4879-ABDE-FF34F97CFA36}.Release|Any CPU.ActiveCfg = Release|Any CPU
		{29C9840C-71F2-4879-ABDE-FF34F97CFA36}.Release|Any CPU.Build.0 = Release|Any CPU
		{29C9840C-71F2-4879-ABDE-FF34F97CFA36}.Release|x64.ActiveCfg = Release|Any CPU
		{29C9840C-71F2-4879-ABDE-FF34F97CFA36}.Release|x64.Build.0 = Release|Any CPU
		{29C9840C-71F2-4879-ABDE-FF34F97CFA36}.Release|x86.ActiveCfg = Release|Any CPU
		{29C9840C-71F2-4879-ABDE-FF34F97CFA36}.Release|x86.Build.0 = Release|Any CPU
		{C5C682C5-6165-4CF3-8E32-B2461853C147}.Debug|Any CPU.ActiveCfg = Debug|Any CPU
		{C5C682C5-6165-4CF3-8E32-B2461853C147}.Debug|Any CPU.Build.0 = Debug|Any CPU
		{C5C682C5-6165-4CF3-8E32-B2461853C147}.Debug|x64.ActiveCfg = Debug|Any CPU
		{C5C682C5-6165-4CF3-8E32-B2461853C147}.Debug|x64.Build.0 = Debug|Any CPU
		{C5C682C5-6165-4CF3-8E32-B2461853C147}.Debug|x86.ActiveCfg = Debug|Any CPU
		{C5C682C5-6165-4CF3-8E32-B2461853C147}.Debug|x86.Build.0 = Debug|Any CPU
		{C5C682C5-6165-4CF3-8E32-B2461853C147}.Release|Any CPU.ActiveCfg = Release|Any CPU
		{C5C682C5-6165-4CF3-8E32-B2461853C147}.Release|Any CPU.Build.0 = Release|Any CPU
		{C5C682C5-6165-4CF3-8E32-B2461853C147}.Release|x64.ActiveCfg = Release|Any CPU
		{C5C682C5-6165-4CF3-8E32-B2461853C147}.Release|x64.Build.0 = Release|Any CPU
		{C5C682C5-6165-4CF3-8E32-B2461853C147}.Release|x86.ActiveCfg = Release|Any CPU
		{C5C682C5-6165-4CF3-8E32-B2461853C147}.Release|x86.Build.0 = Release|Any CPU
		{2A156071-027A-41BE-86E3-9DBE3426E23B}.Debug|Any CPU.ActiveCfg = Debug|Any CPU
		{2A156071-027A-41BE-86E3-9DBE3426E23B}.Debug|Any CPU.Build.0 = Debug|Any CPU
		{2A156071-027A-41BE-86E3-9DBE3426E23B}.Debug|x64.ActiveCfg = Debug|Any CPU
		{2A156071-027A-41BE-86E3-9DBE3426E23B}.Debug|x64.Build.0 = Debug|Any CPU
		{2A156071-027A-41BE-86E3-9DBE3426E23B}.Debug|x86.ActiveCfg = Debug|Any CPU
		{2A156071-027A-41BE-86E3-9DBE3426E23B}.Debug|x86.Build.0 = Debug|Any CPU
		{2A156071-027A-41BE-86E3-9DBE3426E23B}.Release|Any CPU.ActiveCfg = Release|Any CPU
		{2A156071-027A-41BE-86E3-9DBE3426E23B}.Release|Any CPU.Build.0 = Release|Any CPU
		{2A156071-027A-41BE-86E3-9DBE3426E23B}.Release|x64.ActiveCfg = Release|Any CPU
		{2A156071-027A-41BE-86E3-9DBE3426E23B}.Release|x64.Build.0 = Release|Any CPU
		{2A156071-027A-41BE-86E3-9DBE3426E23B}.Release|x86.ActiveCfg = Release|Any CPU
		{2A156071-027A-41BE-86E3-9DBE3426E23B}.Release|x86.Build.0 = Release|Any CPU
		{83D6ABD0-F661-4F9E-9E71-528764C40EB4}.Debug|Any CPU.ActiveCfg = Debug|Any CPU
		{83D6ABD0-F661-4F9E-9E71-528764C40EB4}.Debug|Any CPU.Build.0 = Debug|Any CPU
		{83D6ABD0-F661-4F9E-9E71-528764C40EB4}.Debug|x64.ActiveCfg = Debug|Any CPU
		{83D6ABD0-F661-4F9E-9E71-528764C40EB4}.Debug|x64.Build.0 = Debug|Any CPU
		{83D6ABD0-F661-4F9E-9E71-528764C40EB4}.Debug|x86.ActiveCfg = Debug|Any CPU
		{83D6ABD0-F661-4F9E-9E71-528764C40EB4}.Debug|x86.Build.0 = Debug|Any CPU
		{83D6ABD0-F661-4F9E-9E71-528764C40EB4}.Release|Any CPU.ActiveCfg = Release|Any CPU
		{83D6ABD0-F661-4F9E-9E71-528764C40EB4}.Release|Any CPU.Build.0 = Release|Any CPU
		{83D6ABD0-F661-4F9E-9E71-528764C40EB4}.Release|x64.ActiveCfg = Release|Any CPU
		{83D6ABD0-F661-4F9E-9E71-528764C40EB4}.Release|x64.Build.0 = Release|Any CPU
		{83D6ABD0-F661-4F9E-9E71-528764C40EB4}.Release|x86.ActiveCfg = Release|Any CPU
		{83D6ABD0-F661-4F9E-9E71-528764C40EB4}.Release|x86.Build.0 = Release|Any CPU
		{3C2D4536-7921-471C-B80C-4223FE95403D}.Debug|Any CPU.ActiveCfg = Debug|Any CPU
		{3C2D4536-7921-471C-B80C-4223FE95403D}.Debug|Any CPU.Build.0 = Debug|Any CPU
		{3C2D4536-7921-471C-B80C-4223FE95403D}.Debug|x64.ActiveCfg = Debug|Any CPU
		{3C2D4536-7921-471C-B80C-4223FE95403D}.Debug|x64.Build.0 = Debug|Any CPU
		{3C2D4536-7921-471C-B80C-4223FE95403D}.Debug|x86.ActiveCfg = Debug|Any CPU
		{3C2D4536-7921-471C-B80C-4223FE95403D}.Debug|x86.Build.0 = Debug|Any CPU
		{3C2D4536-7921-471C-B80C-4223FE95403D}.Release|Any CPU.ActiveCfg = Release|Any CPU
		{3C2D4536-7921-471C-B80C-4223FE95403D}.Release|Any CPU.Build.0 = Release|Any CPU
		{3C2D4536-7921-471C-B80C-4223FE95403D}.Release|x64.ActiveCfg = Release|Any CPU
		{3C2D4536-7921-471C-B80C-4223FE95403D}.Release|x64.Build.0 = Release|Any CPU
		{3C2D4536-7921-471C-B80C-4223FE95403D}.Release|x86.ActiveCfg = Release|Any CPU
		{3C2D4536-7921-471C-B80C-4223FE95403D}.Release|x86.Build.0 = Release|Any CPU
		{C5FE86FE-C7C0-45FF-AE3E-683AD0BEC7BE}.Debug|Any CPU.ActiveCfg = Debug|Any CPU
		{C5FE86FE-C7C0-45FF-AE3E-683AD0BEC7BE}.Debug|Any CPU.Build.0 = Debug|Any CPU
		{C5FE86FE-C7C0-45FF-AE3E-683AD0BEC7BE}.Debug|x64.ActiveCfg = Debug|Any CPU
		{C5FE86FE-C7C0-45FF-AE3E-683AD0BEC7BE}.Debug|x64.Build.0 = Debug|Any CPU
		{C5FE86FE-C7C0-45FF-AE3E-683AD0BEC7BE}.Debug|x86.ActiveCfg = Debug|Any CPU
		{C5FE86FE-C7C0-45FF-AE3E-683AD0BEC7BE}.Debug|x86.Build.0 = Debug|Any CPU
		{C5FE86FE-C7C0-45FF-AE3E-683AD0BEC7BE}.Release|Any CPU.ActiveCfg = Release|Any CPU
		{C5FE86FE-C7C0-45FF-AE3E-683AD0BEC7BE}.Release|Any CPU.Build.0 = Release|Any CPU
		{C5FE86FE-C7C0-45FF-AE3E-683AD0BEC7BE}.Release|x64.ActiveCfg = Release|Any CPU
		{C5FE86FE-C7C0-45FF-AE3E-683AD0BEC7BE}.Release|x64.Build.0 = Release|Any CPU
		{C5FE86FE-C7C0-45FF-AE3E-683AD0BEC7BE}.Release|x86.ActiveCfg = Release|Any CPU
		{C5FE86FE-C7C0-45FF-AE3E-683AD0BEC7BE}.Release|x86.Build.0 = Release|Any CPU
		{9C5264FD-98DD-4576-B2B8-EDA1A2E23580}.Debug|Any CPU.ActiveCfg = Debug|Any CPU
		{9C5264FD-98DD-4576-B2B8-EDA1A2E23580}.Debug|Any CPU.Build.0 = Debug|Any CPU
		{9C5264FD-98DD-4576-B2B8-EDA1A2E23580}.Debug|x64.ActiveCfg = Debug|Any CPU
		{9C5264FD-98DD-4576-B2B8-EDA1A2E23580}.Debug|x64.Build.0 = Debug|Any CPU
		{9C5264FD-98DD-4576-B2B8-EDA1A2E23580}.Debug|x86.ActiveCfg = Debug|Any CPU
		{9C5264FD-98DD-4576-B2B8-EDA1A2E23580}.Debug|x86.Build.0 = Debug|Any CPU
		{9C5264FD-98DD-4576-B2B8-EDA1A2E23580}.Release|Any CPU.ActiveCfg = Release|Any CPU
		{9C5264FD-98DD-4576-B2B8-EDA1A2E23580}.Release|Any CPU.Build.0 = Release|Any CPU
		{9C5264FD-98DD-4576-B2B8-EDA1A2E23580}.Release|x64.ActiveCfg = Release|Any CPU
		{9C5264FD-98DD-4576-B2B8-EDA1A2E23580}.Release|x64.Build.0 = Release|Any CPU
		{9C5264FD-98DD-4576-B2B8-EDA1A2E23580}.Release|x86.ActiveCfg = Release|Any CPU
		{9C5264FD-98DD-4576-B2B8-EDA1A2E23580}.Release|x86.Build.0 = Release|Any CPU
		{97F7804D-9A38-4389-8616-C198EFC1730A}.Debug|Any CPU.ActiveCfg = Debug|Any CPU
		{97F7804D-9A38-4389-8616-C198EFC1730A}.Debug|Any CPU.Build.0 = Debug|Any CPU
		{97F7804D-9A38-4389-8616-C198EFC1730A}.Debug|x64.ActiveCfg = Debug|Any CPU
		{97F7804D-9A38-4389-8616-C198EFC1730A}.Debug|x64.Build.0 = Debug|Any CPU
		{97F7804D-9A38-4389-8616-C198EFC1730A}.Debug|x86.ActiveCfg = Debug|Any CPU
		{97F7804D-9A38-4389-8616-C198EFC1730A}.Debug|x86.Build.0 = Debug|Any CPU
		{97F7804D-9A38-4389-8616-C198EFC1730A}.Release|Any CPU.ActiveCfg = Release|Any CPU
		{97F7804D-9A38-4389-8616-C198EFC1730A}.Release|Any CPU.Build.0 = Release|Any CPU
		{97F7804D-9A38-4389-8616-C198EFC1730A}.Release|x64.ActiveCfg = Release|Any CPU
		{97F7804D-9A38-4389-8616-C198EFC1730A}.Release|x64.Build.0 = Release|Any CPU
		{97F7804D-9A38-4389-8616-C198EFC1730A}.Release|x86.ActiveCfg = Release|Any CPU
		{97F7804D-9A38-4389-8616-C198EFC1730A}.Release|x86.Build.0 = Release|Any CPU
		{CE910F99-ABF6-4302-ACF3-9F48C82244F9}.Debug|Any CPU.ActiveCfg = Debug|Any CPU
		{CE910F99-ABF6-4302-ACF3-9F48C82244F9}.Debug|Any CPU.Build.0 = Debug|Any CPU
		{CE910F99-ABF6-4302-ACF3-9F48C82244F9}.Debug|x64.ActiveCfg = Debug|Any CPU
		{CE910F99-ABF6-4302-ACF3-9F48C82244F9}.Debug|x64.Build.0 = Debug|Any CPU
		{CE910F99-ABF6-4302-ACF3-9F48C82244F9}.Debug|x86.ActiveCfg = Debug|Any CPU
		{CE910F99-ABF6-4302-ACF3-9F48C82244F9}.Debug|x86.Build.0 = Debug|Any CPU
		{CE910F99-ABF6-4302-ACF3-9F48C82244F9}.Release|Any CPU.ActiveCfg = Release|Any CPU
		{CE910F99-ABF6-4302-ACF3-9F48C82244F9}.Release|Any CPU.Build.0 = Release|Any CPU
		{CE910F99-ABF6-4302-ACF3-9F48C82244F9}.Release|x64.ActiveCfg = Release|Any CPU
		{CE910F99-ABF6-4302-ACF3-9F48C82244F9}.Release|x64.Build.0 = Release|Any CPU
		{CE910F99-ABF6-4302-ACF3-9F48C82244F9}.Release|x86.ActiveCfg = Release|Any CPU
		{CE910F99-ABF6-4302-ACF3-9F48C82244F9}.Release|x86.Build.0 = Release|Any CPU
	EndGlobalSection
	GlobalSection(NestedProjects) = preSolution
		{FEAEEA74-CCCB-45CC-ABDD-F5F029921B78} = {C09E3C79-19D5-4FA3-B857-C0F1DD9AD5F5}
		{92AEABA0-55AF-4F9E-84D7-E877D72E6A54} = {FEAEEA74-CCCB-45CC-ABDD-F5F029921B78}
		{DF531D7F-8261-41F1-8D08-F81050524EE6} = {C09E3C79-19D5-4FA3-B857-C0F1DD9AD5F5}
		{802899CD-FD89-4C57-A4C4-0C4BD97BBDF5} = {DF531D7F-8261-41F1-8D08-F81050524EE6}
		{F8D0D503-16E4-4509-A5AE-E259A28F8247} = {DF531D7F-8261-41F1-8D08-F81050524EE6}
		{FDD34D25-AF55-4FF9-BFF6-E8CFB981B229} = {0460A521-3A1A-4C23-BE5B-E33B966BA8A6}
		{29C9840C-71F2-4879-ABDE-FF34F97CFA36} = {0460A521-3A1A-4C23-BE5B-E33B966BA8A6}
		{C5C682C5-6165-4CF3-8E32-B2461853C147} = {0460A521-3A1A-4C23-BE5B-E33B966BA8A6}
		{2A156071-027A-41BE-86E3-9DBE3426E23B} = {0460A521-3A1A-4C23-BE5B-E33B966BA8A6}
		{83D6ABD0-F661-4F9E-9E71-528764C40EB4} = {360767A6-F98F-4FF7-811E-7A31B27CCCEC}
		{3C2D4536-7921-471C-B80C-4223FE95403D} = {360767A6-F98F-4FF7-811E-7A31B27CCCEC}
		{C5FE86FE-C7C0-45FF-AE3E-683AD0BEC7BE} = {360767A6-F98F-4FF7-811E-7A31B27CCCEC}
		{9C5264FD-98DD-4576-B2B8-EDA1A2E23580} = {360767A6-F98F-4FF7-811E-7A31B27CCCEC}
		{97F7804D-9A38-4389-8616-C198EFC1730A} = {360767A6-F98F-4FF7-811E-7A31B27CCCEC}
		{CE910F99-ABF6-4302-ACF3-9F48C82244F9} = {360767A6-F98F-4FF7-811E-7A31B27CCCEC}
	EndGlobalSection
EndGlobal
