
Microsoft Visual Studio Solution File, Format Version 12.00
# Visual Studio Version 16
VisualStudioVersion = 16.6.30114.105
MinimumVisualStudioVersion = 10.0.40219.1
Project("{2150E333-8FDC-42A3-9474-1A3956D46DE8}") = "helpers", "helpers", "{B5CAEA14-D604-49A3-B480-CA95B078D48B}"
EndProject
Project("{FAE04EC0-301F-11D3-BF4B-00C04F79EFBC}") = "TestWebSite", "helpers\TestWebSite\TestWebSite.csproj", "{713AD310-D6B0-433E-9DF2-20DC4CE00EA8}"
EndProject
Project("{2150E333-8FDC-42A3-9474-1A3956D46DE8}") = "src", "src", "{0DE1E16E-16AF-4EB4-81F4-7504AF04B3B1}"
EndProject
Project("{FAE04EC0-301F-11D3-BF4B-00C04F79EFBC}") = "AspNetCore.WebApplicationFactory", "src\AspNetCore.WebApplicationFactory\AspNetCore.WebApplicationFactory.csproj", "{42BA58F2-0F16-4DD5-B984-014AFC041D6A}"
EndProject
Project("{FAE04EC0-301F-11D3-BF4B-00C04F79EFBC}") = "Grpc", "src\Grpc\Grpc.csproj", "{93299106-A270-4D4C-85FE-4BB4676F10B4}"
EndProject
Project("{FAE04EC0-301F-11D3-BF4B-00C04F79EFBC}") = "MockHttp", "src\MockHttp\MockHttp.csproj", "{1FCBAC1F-4184-4AB2-9118-F80A474744E0}"
EndProject
Project("{2150E333-8FDC-42A3-9474-1A3956D46DE8}") = "tests", "tests", "{D6F29526-583D-4B2F-96E1-BB4181565B93}"
EndProject
Project("{FAE04EC0-301F-11D3-BF4B-00C04F79EFBC}") = "Tests.AspNetCore.WebApplicationFactory", "tests\Tests.AspNetCore.WebApplicationFactory\Tests.AspNetCore.WebApplicationFactory.csproj", "{6BB24D71-9F66-4E72-9DA6-82BDC640121B}"
EndProject
Project("{FAE04EC0-301F-11D3-BF4B-00C04F79EFBC}") = "Tests.Grpc", "tests\Tests.Grpc\Tests.Grpc.csproj", "{09774537-9008-4875-984D-313B98DD7163}"
EndProject
Project("{FAE04EC0-301F-11D3-BF4B-00C04F79EFBC}") = "Tests.MockHttp", "tests\Tests.MockHttp\Tests.MockHttp.csproj", "{1DE650E3-EB9F-4CCD-AF7E-98FBB7DF7BE0}"
EndProject
Global
	GlobalSection(SolutionConfigurationPlatforms) = preSolution
		Debug|Any CPU = Debug|Any CPU
		Debug|x64 = Debug|x64
		Debug|x86 = Debug|x86
		Release|Any CPU = Release|Any CPU
		Release|x64 = Release|x64
		Release|x86 = Release|x86
	EndGlobalSection
	GlobalSection(SolutionProperties) = preSolution
		HideSolutionNode = FALSE
	EndGlobalSection
	GlobalSection(ProjectConfigurationPlatforms) = postSolution
		{713AD310-D6B0-433E-9DF2-20DC4CE00EA8}.Debug|Any CPU.ActiveCfg = Debug|Any CPU
		{713AD310-D6B0-433E-9DF2-20DC4CE00EA8}.Debug|Any CPU.Build.0 = Debug|Any CPU
		{713AD310-D6B0-433E-9DF2-20DC4CE00EA8}.Debug|x64.ActiveCfg = Debug|Any CPU
		{713AD310-D6B0-433E-9DF2-20DC4CE00EA8}.Debug|x64.Build.0 = Debug|Any CPU
		{713AD310-D6B0-433E-9DF2-20DC4CE00EA8}.Debug|x86.ActiveCfg = Debug|Any CPU
		{713AD310-D6B0-433E-9DF2-20DC4CE00EA8}.Debug|x86.Build.0 = Debug|Any CPU
		{713AD310-D6B0-433E-9DF2-20DC4CE00EA8}.Release|Any CPU.ActiveCfg = Release|Any CPU
		{713AD310-D6B0-433E-9DF2-20DC4CE00EA8}.Release|Any CPU.Build.0 = Release|Any CPU
		{713AD310-D6B0-433E-9DF2-20DC4CE00EA8}.Release|x64.ActiveCfg = Release|Any CPU
		{713AD310-D6B0-433E-9DF2-20DC4CE00EA8}.Release|x64.Build.0 = Release|Any CPU
		{713AD310-D6B0-433E-9DF2-20DC4CE00EA8}.Release|x86.ActiveCfg = Release|Any CPU
		{713AD310-D6B0-433E-9DF2-20DC4CE00EA8}.Release|x86.Build.0 = Release|Any CPU
		{42BA58F2-0F16-4DD5-B984-014AFC041D6A}.Debug|Any CPU.ActiveCfg = Debug|Any CPU
		{42BA58F2-0F16-4DD5-B984-014AFC041D6A}.Debug|Any CPU.Build.0 = Debug|Any CPU
		{42BA58F2-0F16-4DD5-B984-014AFC041D6A}.Debug|x64.ActiveCfg = Debug|Any CPU
		{42BA58F2-0F16-4DD5-B984-014AFC041D6A}.Debug|x64.Build.0 = Debug|Any CPU
		{42BA58F2-0F16-4DD5-B984-014AFC041D6A}.Debug|x86.ActiveCfg = Debug|Any CPU
		{42BA58F2-0F16-4DD5-B984-014AFC041D6A}.Debug|x86.Build.0 = Debug|Any CPU
		{42BA58F2-0F16-4DD5-B984-014AFC041D6A}.Release|Any CPU.ActiveCfg = Release|Any CPU
		{42BA58F2-0F16-4DD5-B984-014AFC041D6A}.Release|Any CPU.Build.0 = Release|Any CPU
		{42BA58F2-0F16-4DD5-B984-014AFC041D6A}.Release|x64.ActiveCfg = Release|Any CPU
		{42BA58F2-0F16-4DD5-B984-014AFC041D6A}.Release|x64.Build.0 = Release|Any CPU
		{42BA58F2-0F16-4DD5-B984-014AFC041D6A}.Release|x86.ActiveCfg = Release|Any CPU
		{42BA58F2-0F16-4DD5-B984-014AFC041D6A}.Release|x86.Build.0 = Release|Any CPU
		{93299106-A270-4D4C-85FE-4BB4676F10B4}.Debug|Any CPU.ActiveCfg = Debug|Any CPU
		{93299106-A270-4D4C-85FE-4BB4676F10B4}.Debug|Any CPU.Build.0 = Debug|Any CPU
		{93299106-A270-4D4C-85FE-4BB4676F10B4}.Debug|x64.ActiveCfg = Debug|Any CPU
		{93299106-A270-4D4C-85FE-4BB4676F10B4}.Debug|x64.Build.0 = Debug|Any CPU
		{93299106-A270-4D4C-85FE-4BB4676F10B4}.Debug|x86.ActiveCfg = Debug|Any CPU
		{93299106-A270-4D4C-85FE-4BB4676F10B4}.Debug|x86.Build.0 = Debug|Any CPU
		{93299106-A270-4D4C-85FE-4BB4676F10B4}.Release|Any CPU.ActiveCfg = Release|Any CPU
		{93299106-A270-4D4C-85FE-4BB4676F10B4}.Release|Any CPU.Build.0 = Release|Any CPU
		{93299106-A270-4D4C-85FE-4BB4676F10B4}.Release|x64.ActiveCfg = Release|Any CPU
		{93299106-A270-4D4C-85FE-4BB4676F10B4}.Release|x64.Build.0 = Release|Any CPU
		{93299106-A270-4D4C-85FE-4BB4676F10B4}.Release|x86.ActiveCfg = Release|Any CPU
		{93299106-A270-4D4C-85FE-4BB4676F10B4}.Release|x86.Build.0 = Release|Any CPU
		{1FCBAC1F-4184-4AB2-9118-F80A474744E0}.Debug|Any CPU.ActiveCfg = Debug|Any CPU
		{1FCBAC1F-4184-4AB2-9118-F80A474744E0}.Debug|Any CPU.Build.0 = Debug|Any CPU
		{1FCBAC1F-4184-4AB2-9118-F80A474744E0}.Debug|x64.ActiveCfg = Debug|Any CPU
		{1FCBAC1F-4184-4AB2-9118-F80A474744E0}.Debug|x64.Build.0 = Debug|Any CPU
		{1FCBAC1F-4184-4AB2-9118-F80A474744E0}.Debug|x86.ActiveCfg = Debug|Any CPU
		{1FCBAC1F-4184-4AB2-9118-F80A474744E0}.Debug|x86.Build.0 = Debug|Any CPU
		{1FCBAC1F-4184-4AB2-9118-F80A474744E0}.Release|Any CPU.ActiveCfg = Release|Any CPU
		{1FCBAC1F-4184-4AB2-9118-F80A474744E0}.Release|Any CPU.Build.0 = Release|Any CPU
		{1FCBAC1F-4184-4AB2-9118-F80A474744E0}.Release|x64.ActiveCfg = Release|Any CPU
		{1FCBAC1F-4184-4AB2-9118-F80A474744E0}.Release|x64.Build.0 = Release|Any CPU
		{1FCBAC1F-4184-4AB2-9118-F80A474744E0}.Release|x86.ActiveCfg = Release|Any CPU
		{1FCBAC1F-4184-4AB2-9118-F80A474744E0}.Release|x86.Build.0 = Release|Any CPU
		{6BB24D71-9F66-4E72-9DA6-82BDC640121B}.Debug|Any CPU.ActiveCfg = Debug|Any CPU
		{6BB24D71-9F66-4E72-9DA6-82BDC640121B}.Debug|Any CPU.Build.0 = Debug|Any CPU
		{6BB24D71-9F66-4E72-9DA6-82BDC640121B}.Debug|x64.ActiveCfg = Debug|Any CPU
		{6BB24D71-9F66-4E72-9DA6-82BDC640121B}.Debug|x64.Build.0 = Debug|Any CPU
		{6BB24D71-9F66-4E72-9DA6-82BDC640121B}.Debug|x86.ActiveCfg = Debug|Any CPU
		{6BB24D71-9F66-4E72-9DA6-82BDC640121B}.Debug|x86.Build.0 = Debug|Any CPU
		{6BB24D71-9F66-4E72-9DA6-82BDC640121B}.Release|Any CPU.ActiveCfg = Release|Any CPU
		{6BB24D71-9F66-4E72-9DA6-82BDC640121B}.Release|Any CPU.Build.0 = Release|Any CPU
		{6BB24D71-9F66-4E72-9DA6-82BDC640121B}.Release|x64.ActiveCfg = Release|Any CPU
		{6BB24D71-9F66-4E72-9DA6-82BDC640121B}.Release|x64.Build.0 = Release|Any CPU
		{6BB24D71-9F66-4E72-9DA6-82BDC640121B}.Release|x86.ActiveCfg = Release|Any CPU
		{6BB24D71-9F66-4E72-9DA6-82BDC640121B}.Release|x86.Build.0 = Release|Any CPU
		{09774537-9008-4875-984D-313B98DD7163}.Debug|Any CPU.ActiveCfg = Debug|Any CPU
		{09774537-9008-4875-984D-313B98DD7163}.Debug|Any CPU.Build.0 = Debug|Any CPU
		{09774537-9008-4875-984D-313B98DD7163}.Debug|x64.ActiveCfg = Debug|Any CPU
		{09774537-9008-4875-984D-313B98DD7163}.Debug|x64.Build.0 = Debug|Any CPU
		{09774537-9008-4875-984D-313B98DD7163}.Debug|x86.ActiveCfg = Debug|Any CPU
		{09774537-9008-4875-984D-313B98DD7163}.Debug|x86.Build.0 = Debug|Any CPU
		{09774537-9008-4875-984D-313B98DD7163}.Release|Any CPU.ActiveCfg = Release|Any CPU
		{09774537-9008-4875-984D-313B98DD7163}.Release|Any CPU.Build.0 = Release|Any CPU
		{09774537-9008-4875-984D-313B98DD7163}.Release|x64.ActiveCfg = Release|Any CPU
		{09774537-9008-4875-984D-313B98DD7163}.Release|x64.Build.0 = Release|Any CPU
		{09774537-9008-4875-984D-313B98DD7163}.Release|x86.ActiveCfg = Release|Any CPU
		{09774537-9008-4875-984D-313B98DD7163}.Release|x86.Build.0 = Release|Any CPU
		{1DE650E3-EB9F-4CCD-AF7E-98FBB7DF7BE0}.Debug|Any CPU.ActiveCfg = Debug|Any CPU
		{1DE650E3-EB9F-4CCD-AF7E-98FBB7DF7BE0}.Debug|Any CPU.Build.0 = Debug|Any CPU
		{1DE650E3-EB9F-4CCD-AF7E-98FBB7DF7BE0}.Debug|x64.ActiveCfg = Debug|Any CPU
		{1DE650E3-EB9F-4CCD-AF7E-98FBB7DF7BE0}.Debug|x64.Build.0 = Debug|Any CPU
		{1DE650E3-EB9F-4CCD-AF7E-98FBB7DF7BE0}.Debug|x86.ActiveCfg = Debug|Any CPU
		{1DE650E3-EB9F-4CCD-AF7E-98FBB7DF7BE0}.Debug|x86.Build.0 = Debug|Any CPU
		{1DE650E3-EB9F-4CCD-AF7E-98FBB7DF7BE0}.Release|Any CPU.ActiveCfg = Release|Any CPU
		{1DE650E3-EB9F-4CCD-AF7E-98FBB7DF7BE0}.Release|Any CPU.Build.0 = Release|Any CPU
		{1DE650E3-EB9F-4CCD-AF7E-98FBB7DF7BE0}.Release|x64.ActiveCfg = Release|Any CPU
		{1DE650E3-EB9F-4CCD-AF7E-98FBB7DF7BE0}.Release|x64.Build.0 = Release|Any CPU
		{1DE650E3-EB9F-4CCD-AF7E-98FBB7DF7BE0}.Release|x86.ActiveCfg = Release|Any CPU
		{1DE650E3-EB9F-4CCD-AF7E-98FBB7DF7BE0}.Release|x86.Build.0 = Release|Any CPU
	EndGlobalSection
	GlobalSection(NestedProjects) = preSolution
		{713AD310-D6B0-433E-9DF2-20DC4CE00EA8} = {B5CAEA14-D604-49A3-B480-CA95B078D48B}
		{42BA58F2-0F16-4DD5-B984-014AFC041D6A} = {0DE1E16E-16AF-4EB4-81F4-7504AF04B3B1}
		{93299106-A270-4D4C-85FE-4BB4676F10B4} = {0DE1E16E-16AF-4EB4-81F4-7504AF04B3B1}
		{1FCBAC1F-4184-4AB2-9118-F80A474744E0} = {0DE1E16E-16AF-4EB4-81F4-7504AF04B3B1}
		{6BB24D71-9F66-4E72-9DA6-82BDC640121B} = {D6F29526-583D-4B2F-96E1-BB4181565B93}
		{09774537-9008-4875-984D-313B98DD7163} = {D6F29526-583D-4B2F-96E1-BB4181565B93}
		{1DE650E3-EB9F-4CCD-AF7E-98FBB7DF7BE0} = {D6F29526-583D-4B2F-96E1-BB4181565B93}
	EndGlobalSection
EndGlobal
